
Microsoft Visual Studio Solution File, Format Version 12.00
# Visual Studio Version 17
VisualStudioVersion = 17.4.33205.214
MinimumVisualStudioVersion = 10.0.40219.1
Project("{9A19103F-16F7-4668-BE54-9A1E7A4F7556}") = "WSA System Control", "WSA System Control\WSA System Control.csproj", "{82D87220-F573-4EEF-91C1-730E6A8F37B1}"
EndProject
Project("{54435603-DBB4-11D2-8724-00A0C9A8B90C}") = "Setup", "Setup\Setup.vdproj", "{03D7413B-0F12-4162-8EB7-E198DFD88C13}"
EndProject
Global
	GlobalSection(SolutionConfigurationPlatforms) = preSolution
		Debug|Any CPU = Debug|Any CPU
		Release|Any CPU = Release|Any CPU
	EndGlobalSection
	GlobalSection(ProjectConfigurationPlatforms) = postSolution
		{82D87220-F573-4EEF-91C1-730E6A8F37B1}.Debug|Any CPU.ActiveCfg = Debug|Any CPU
		{82D87220-F573-4EEF-91C1-730E6A8F37B1}.Debug|Any CPU.Build.0 = Debug|Any CPU
		{82D87220-F573-4EEF-91C1-730E6A8F37B1}.Release|Any CPU.ActiveCfg = Release|Any CPU
		{82D87220-F573-4EEF-91C1-730E6A8F37B1}.Release|Any CPU.Build.0 = Release|Any CPU
		{03D7413B-0F12-4162-8EB7-E198DFD88C13}.Debug|Any CPU.ActiveCfg = Debug
		{03D7413B-0F12-4162-8EB7-E198DFD88C13}.Release|Any CPU.ActiveCfg = Release
	EndGlobalSection
	GlobalSection(SolutionProperties) = preSolution
		HideSolutionNode = FALSE
	EndGlobalSection
	GlobalSection(ExtensibilityGlobals) = postSolution
		SolutionGuid = {59183976-9146-40C1-BA6E-B8124C82EB72}
	EndGlobalSection
EndGlobal
